
Microsoft Visual Studio Solution File, Format Version 12.00
# Visual Studio Version 16
VisualStudioVersion = 16.0.37301.9
MinimumVisualStudioVersion = 10.0.40219.1
Project("{FAE04EC0-301F-11D3-BF4B-00C04F79EFBC}") = "FileTransfer.Client", "FileTransfer.Client\FileTransfer.Client.csproj", "{FE63B09B-CBC4-491E-A4C6-97B9EC5EDE75}"
EndProject
Project("{FAE04EC0-301F-11D3-BF4B-00C04F79EFBC}") = "FileTransfer.Server", "FileTransfer.Server\FileTransfer.Server.csproj", "{A137E918-1CD7-4251-B929-7158FE103060}"
EndProject
Project("{FAE04EC0-301F-11D3-BF4B-00C04F79EFBC}") = "FileTransfer.Shared", "FileTransfer.Shared\FileTransfer.Shared.csproj", "{977AB388-165D-4B87-8B14-81431FEC8F53}"
EndProject
Global
	GlobalSection(SolutionConfigurationPlatforms) = preSolution
		Debug|Any CPU = Debug|Any CPU
		Debug|x64 = Debug|x64
		Release|Any CPU = Release|Any CPU
		Release|x64 = Release|x64
	EndGlobalSection
	GlobalSection(ProjectConfigurationPlatforms) = postSolution
		{FE63B09B-CBC4-491E-A4C6-97B9EC5EDE75}.Debug|Any CPU.ActiveCfg = Debug|Any CPU
		{FE63B09B-CBC4-491E-A4C6-97B9EC5EDE75}.Debug|Any CPU.Build.0 = Debug|Any CPU
		{FE63B09B-CBC4-491E-A4C6-97B9EC5EDE75}.Debug|x64.ActiveCfg = Debug|Any CPU
		{FE63B09B-CBC4-491E-A4C6-97B9EC5EDE75}.Debug|x64.Build.0 = Debug|Any CPU
		{FE63B09B-CBC4-491E-A4C6-97B9EC5EDE75}.Release|Any CPU.ActiveCfg = Release|Any CPU
		{FE63B09B-CBC4-491E-A4C6-97B9EC5EDE75}.Release|Any CPU.Build.0 = Release|Any CPU
		{FE63B09B-CBC4-491E-A4C6-97B9EC5EDE75}.Release|x64.ActiveCfg = Release|Any CPU
		{FE63B09B-CBC4-491E-A4C6-97B9EC5EDE75}.Release|x64.Build.0 = Release|Any CPU
		{A137E918-1CD7-4251-B929-7158FE103060}.Debug|Any CPU.ActiveCfg = Debug|Any CPU
		{A137E918-1CD7-4251-B929-7158FE103060}.Debug|Any CPU.Build.0 = Debug|Any CPU
		{A137E918-1CD7-4251-B929-7158FE103060}.Debug|x64.ActiveCfg = Debug|x64
		{A137E918-1CD7-4251-B929-7158FE103060}.Debug|x64.Build.0 = Debug|x64
		{A137E918-1CD7-4251-B929-7158FE103060}.Release|Any CPU.ActiveCfg = Release|Any CPU
		{A137E918-1CD7-4251-B929-7158FE103060}.Release|Any CPU.Build.0 = Release|Any CPU
		{A137E918-1CD7-4251-B929-7158FE103060}.Release|x64.ActiveCfg = Release|x64
		{A137E918-1CD7-4251-B929-7158FE103060}.Release|x64.Build.0 = Release|x64
		{977AB388-165D-4B87-8B14-81431FEC8F53}.Debug|Any CPU.ActiveCfg = Debug|Any CPU
		{977AB388-165D-4B87-8B14-81431FEC8F53}.Debug|Any CPU.Build.0 = Debug|Any CPU
		{977AB388-165D-4B87-8B14-81431FEC8F53}.Debug|x64.ActiveCfg = Debug|Any CPU
		{977AB388-165D-4B87-8B14-81431FEC8F53}.Debug|x64.Build.0 = Debug|Any CPU
		{977AB388-165D-4B87-8B14-81431FEC8F53}.Release|Any CPU.ActiveCfg = Release|Any CPU
		{977AB388-165D-4B87-8B14-81431FEC8F53}.Release|Any CPU.Build.0 = Release|Any CPU
		{977AB388-165D-4B87-8B14-81431FEC8F53}.Release|x64.ActiveCfg = Release|Any CPU
		{977AB388-165D-4B87-8B14-81431FEC8F53}.Release|x64.Build.0 = Release|Any CPU
	EndGlobalSection
	GlobalSection(SolutionProperties) = preSolution
		HideSolutionNode = FALSE
	EndGlobalSection
	GlobalSection(ExtensibilityGlobals) = postSolution
		SolutionGuid = {C4251D77-FB4E-42C2-8CCE-7994CB10A37C}
	EndGlobalSection
EndGlobal
